<?xml version="1.0" encoding="utf-8"?>
<Project ToolsVersion="4.0" xmlns="http://schemas.microsoft.com/developer/msbuild/2003">
  <ItemGroup>
    <Filter Include="源文件">
      <UniqueIdentifier>{4FC737F1-C7A5-4376-A066-2A32D752A2FF}</UniqueIdentifier>
      <Extensions>cpp;c;cc;cxx;c++;cppm;ixx;def;odl;idl;hpj;bat;asm;asmx</Extensions>
    </Filter>
    <Filter Include="头文件">
      <UniqueIdentifier>{93995380-89BD-4b04-88EB-625FBE52EBFB}</UniqueIdentifier>
      <Extensions>h;hh;hpp;hxx;h++;hm;inl;inc;ipp;xsd</Extensions>
    </Filter>
    <Filter Include="资源文件">
      <UniqueIdentifier>{67DA6AB6-F800-4c08-8B7A-83BB121AAD01}</UniqueIdentifier>
      <Extensions>rc;ico;cur;bmp;dlg;rc2;rct;bin;rgs;gif;jpg;jpeg;jpe;resx;tiff;tif;png;wav;mfcribbon-ms</Extensions>
    </Filter>
    <Filter Include="头文件\Algo">
      <UniqueIdentifier>{8d0199a4-d497-4e8e-a660-97aa65ae52b8}</UniqueIdentifier>
    </Filter>
    <Filter Include="源文件\Algo">
      <UniqueIdentifier>{158f8a0e-b7ef-4890-9666-1541d881e858}</UniqueIdentifier>
    </Filter>
    <Filter Include="头文件\DataStructure">
      <UniqueIdentifier>{b483c35c-829c-45c5-a1fe-53a33ec5b049}</UniqueIdentifier>
    </Filter>
    <Filter Include="源文件\DataStructure">
      <UniqueIdentifier>{ba8b9213-2dd3-44ca-b55d-bc4a9ce21a93}</UniqueIdentifier>
    </Filter>
    <Filter Include="头文件\LeeCode">
      <UniqueIdentifier>{4c3defe4-59fa-4d4a-85cc-dd4f90eecaf5}</UniqueIdentifier>
    </Filter>
    <Filter Include="源文件\LeeCode">
      <UniqueIdentifier>{98fa74f5-948e-41e9-af33-0c476789e97d}</UniqueIdentifier>
    </Filter>
  </ItemGroup>
  <ItemGroup>
    <ClCompile Include="Algo\hammingDistance.cpp">
      <Filter>源文件\Algo</Filter>
    </ClCompile>
    <ClCompile Include="Algo\DSU.cpp">
      <Filter>源文件\Algo</Filter>
    </ClCompile>
    <ClCompile Include="Algo\BSTtoLinkedList.cpp">
      <Filter>源文件\Algo</Filter>
    </ClCompile>
    <ClCompile Include="Algo\qucikMul.cpp">
      <Filter>源文件\Algo</Filter>
    </ClCompile>
    <ClCompile Include="main.cpp">
      <Filter>源文件</Filter>
    </ClCompile>
    <ClCompile Include="Algo\quickMul.cpp">
      <Filter>源文件\Algo</Filter>
    </ClCompile>
    <ClCompile Include="DataStructure\binaryTree.cpp">
      <Filter>源文件\DataStructure</Filter>
    </ClCompile>
    <ClCompile Include="DataStructure\binTreeNode.cpp">
      <Filter>源文件\DataStructure</Filter>
    </ClCompile>
    <ClCompile Include="DataStructure\MinStack.cpp">
      <Filter>源文件\DataStructure</Filter>
    </ClCompile>
    <ClCompile Include="LeeCode\LFUCache.cpp">
      <Filter>源文件\LeeCode</Filter>
    </ClCompile>
    <ClCompile Include="LeeCode\LRUCache.cpp">
      <Filter>源文件\LeeCode</Filter>
    </ClCompile>
    <ClCompile Include="Algo\PrimeAlgo.cpp">
      <Filter>源文件\Algo</Filter>
    </ClCompile>
    <ClCompile Include="Sort.cpp">
      <Filter>源文件\Algo</Filter>
    </ClCompile>
  </ItemGroup>
  <ItemGroup>
    <ClInclude Include="Algo\quickMul.h">
      <Filter>头文件\Algo</Filter>
    </ClInclude>
    <ClInclude Include="Algo\hammingDistance.h">
      <Filter>头文件\Algo</Filter>
    </ClInclude>
    <ClInclude Include="Algo\DSU.h">
      <Filter>头文件\Algo</Filter>
    </ClInclude>
    <ClInclude Include="Algo\BSTtoLinkedList.h">
      <Filter>头文件\Algo</Filter>
    </ClInclude>
    <ClInclude Include="DataStructure\binaryTree.h">
      <Filter>头文件\DataStructure</Filter>
    </ClInclude>
    <ClInclude Include="DataStructure\binTreeNode.h">
      <Filter>头文件\DataStructure</Filter>
    </ClInclude>
    <ClInclude Include="DataStructure\MinStack.h">
      <Filter>头文件\DataStructure</Filter>
    </ClInclude>
    <ClInclude Include="LeeCode\LFUCache.h">
      <Filter>头文件\LeeCode</Filter>
    </ClInclude>
    <ClInclude Include="LeeCode\LRUCache.h">
      <Filter>头文件\LeeCode</Filter>
    </ClInclude>
    <ClInclude Include="Algo\PrimeAlgo.h">
      <Filter>头文件\Algo</Filter>
    </ClInclude>
    <ClInclude Include="Sort.h">
      <Filter>头文件\Algo</Filter>
    </ClInclude>
  </ItemGroup>
</Project>